
Microsoft Visual Studio Solution File, Format Version 12.00
# Visual Studio Version 17
VisualStudioVersion = 17.0.32112.339
MinimumVisualStudioVersion = 10.0.40219.1
Project("{FAE04EC0-301F-11D3-BF4B-00C04F79EFBC}") = "ByteBank.SistemaInterno", "ByteBank.SistemaInterno\ByteBank.SistemaInterno.csproj", "{07E140B9-4332-467C-B2CD-427F23269106}"
EndProject
Global
	GlobalSection(SolutionConfigurationPlatforms) = preSolution
		Debug|Any CPU = Debug|Any CPU
		Release|Any CPU = Release|Any CPU
	EndGlobalSection
	GlobalSection(ProjectConfigurationPlatforms) = postSolution
		{07E140B9-4332-467C-B2CD-427F23269106}.Debug|Any CPU.ActiveCfg = Debug|Any CPU
		{07E140B9-4332-467C-B2CD-427F23269106}.Debug|Any CPU.Build.0 = Debug|Any CPU
		{07E140B9-4332-467C-B2CD-427F23269106}.Release|Any CPU.ActiveCfg = Release|Any CPU
		{07E140B9-4332-467C-B2CD-427F23269106}.Release|Any CPU.Build.0 = Release|Any CPU
	EndGlobalSection
	GlobalSection(SolutionProperties) = preSolution
		HideSolutionNode = FALSE
	EndGlobalSection
	GlobalSection(ExtensibilityGlobals) = postSolution
		SolutionGuid = {2CE2440F-A91F-4B8B-80C6-0C1D4CF30E33}
	EndGlobalSection
EndGlobal
